
Microsoft Visual Studio Solution File, Format Version 12.00
# Visual Studio Version 17
VisualStudioVersion = 17.3.32929.385
MinimumVisualStudioVersion = 10.0.40219.1
Project("{FAE04EC0-301F-11D3-BF4B-00C04F79EFBC}") = "Rest", "Rest\Rest.csproj", "{56DEA6E8-3D2A-4B3B-A9A0-B46B595DA4CB}"
EndProject
Global
	GlobalSection(SolutionConfigurationPlatforms) = preSolution
		Debug|Any CPU = Debug|Any CPU
		Release|Any CPU = Release|Any CPU
	EndGlobalSection
	GlobalSection(ProjectConfigurationPlatforms) = postSolution
		{56DEA6E8-3D2A-4B3B-A9A0-B46B595DA4CB}.Debug|Any CPU.ActiveCfg = Debug|Any CPU
		{56DEA6E8-3D2A-4B3B-A9A0-B46B595DA4CB}.Debug|Any CPU.Build.0 = Debug|Any CPU
		{56DEA6E8-3D2A-4B3B-A9A0-B46B595DA4CB}.Release|Any CPU.ActiveCfg = Release|Any CPU
		{56DEA6E8-3D2A-4B3B-A9A0-B46B595DA4CB}.Release|Any CPU.Build.0 = Release|Any CPU
	EndGlobalSection
	GlobalSection(SolutionProperties) = preSolution
		HideSolutionNode = FALSE
	EndGlobalSection
	GlobalSection(ExtensibilityGlobals) = postSolution
		SolutionGuid = {E7F07D09-0FA9-4FC6-8C04-AB867C1D8F59}
	EndGlobalSection
EndGlobal
